
Microsoft Visual Studio Solution File, Format Version 12.00
# Visual Studio 15
VisualStudioVersion = 15.0.28307.572
MinimumVisualStudioVersion = 10.0.40219.1
Project("{FAE04EC0-301F-11D3-BF4B-00C04F79EFBC}") = "MusicApp.Console", "MusicApp.Console\MusicApp.Console.csproj", "{AB651DBD-5051-4196-8291-BCE2DB4E8653}"
EndProject
Project("{FAE04EC0-301F-11D3-BF4B-00C04F79EFBC}") = "MusicApp.Models", "MusicApp.Models\MusicApp.Models.csproj", "{D43490AD-DC4A-4377-B784-1AA8E7463D9F}"
EndProject
Project("{FAE04EC0-301F-11D3-BF4B-00C04F79EFBC}") = "MusicApp.DataAccess", "MusicApp.DataAccess\MusicApp.DataAccess.csproj", "{84000B14-099B-4631-8321-EC1B7D137CE7}"
EndProject
Global
	GlobalSection(SolutionConfigurationPlatforms) = preSolution
		Debug|Any CPU = Debug|Any CPU
		Release|Any CPU = Release|Any CPU
	EndGlobalSection
	GlobalSection(ProjectConfigurationPlatforms) = postSolution
		{AB651DBD-5051-4196-8291-BCE2DB4E8653}.Debug|Any CPU.ActiveCfg = Debug|Any CPU
		{AB651DBD-5051-4196-8291-BCE2DB4E8653}.Debug|Any CPU.Build.0 = Debug|Any CPU
		{AB651DBD-5051-4196-8291-BCE2DB4E8653}.Release|Any CPU.ActiveCfg = Release|Any CPU
		{AB651DBD-5051-4196-8291-BCE2DB4E8653}.Release|Any CPU.Build.0 = Release|Any CPU
		{D43490AD-DC4A-4377-B784-1AA8E7463D9F}.Debug|Any CPU.ActiveCfg = Debug|Any CPU
		{D43490AD-DC4A-4377-B784-1AA8E7463D9F}.Debug|Any CPU.Build.0 = Debug|Any CPU
		{D43490AD-DC4A-4377-B784-1AA8E7463D9F}.Release|Any CPU.ActiveCfg = Release|Any CPU
		{D43490AD-DC4A-4377-B784-1AA8E7463D9F}.Release|Any CPU.Build.0 = Release|Any CPU
		{84000B14-099B-4631-8321-EC1B7D137CE7}.Debug|Any CPU.ActiveCfg = Debug|Any CPU
		{84000B14-099B-4631-8321-EC1B7D137CE7}.Debug|Any CPU.Build.0 = Debug|Any CPU
		{84000B14-099B-4631-8321-EC1B7D137CE7}.Release|Any CPU.ActiveCfg = Release|Any CPU
		{84000B14-099B-4631-8321-EC1B7D137CE7}.Release|Any CPU.Build.0 = Release|Any CPU
	EndGlobalSection
	GlobalSection(SolutionProperties) = preSolution
		HideSolutionNode = FALSE
	EndGlobalSection
	GlobalSection(ExtensibilityGlobals) = postSolution
		SolutionGuid = {1E98C7D6-586D-4BE6-B5BF-D0A1E3607013}
	EndGlobalSection
EndGlobal
